Microsoft Visual Studio Solution File, Format Version 12.00
# Visual Studio Version 17
VisualStudioVersion = 17.5.2.0
MinimumVisualStudioVersion = 10.0.40219.1
Project("{FAE04EC0-301F-11D3-BF4B-00C04F79EFBC}") = "UniversalSecretsManagerConnector", "UniversalSecretsManagerConnector.csproj", "{06404FF7-CDBE-2C33-2785-306AF3482F56}"
EndProject
Global
	GlobalSection(SolutionConfigurationPlatforms) = preSolution
		Debug|Any CPU = Debug|Any CPU
		Release|Any CPU = Release|Any CPU
	EndGlobalSection
	GlobalSection(ProjectConfigurationPlatforms) = postSolution
		{06404FF7-CDBE-2C33-2785-306AF3482F56}.Debug|Any CPU.ActiveCfg = Debug|Any CPU
		{06404FF7-CDBE-2C33-2785-306AF3482F56}.Debug|Any CPU.Build.0 = Debug|Any CPU
		{06404FF7-CDBE-2C33-2785-306AF3482F56}.Release|Any CPU.ActiveCfg = Release|Any CPU
		{06404FF7-CDBE-2C33-2785-306AF3482F56}.Release|Any CPU.Build.0 = Release|Any CPU
	EndGlobalSection
	GlobalSection(SolutionProperties) = preSolution
		HideSolutionNode = FALSE
	EndGlobalSection
	GlobalSection(ExtensibilityGlobals) = postSolution
		SolutionGuid = {A02DDBCC-82B3-4328-A339-DB5FBCF09942}
	EndGlobalSection
EndGlobal
